// !$*UTF8*$!
{
	archiveVersion = 1;
	classes = {
	};
	objectVersion = 46;
	objects = {

/* Begin PBXBuildFile section */
		6D7B92061B4231D000600A18 /* Charts.framework in Frameworks */ = {isa = PBXBuildFile; fileRef = A3CBE2F71B3A8B5700C205F6 /* Charts.framework */; };
		6D7B92071B4231D000600A18 /* Charts.framework in Embed Frameworks */ = {isa = PBXBuildFile; fileRef = A3CBE2F71B3A8B5700C205F6 /* Charts.framework */; settings = {ATTRIBUTES = (CodeSignOnCopy, RemoveHeadersOnCopy, ); }; };
		A37C5B1E1B3EDFFF000F46FF /* Motion.m in Sources */ = {isa = PBXBuildFile; fileRef = A37C5B1D1B3EDFFF000F46FF /* Motion.m */; };
		A37C5B201B3EE050000F46FF /* Pressure.m in Sources */ = {isa = PBXBuildFile; fileRef = A37C5B1F1B3EE050000F46FF /* Pressure.m */; };
		A391F90B1B3C7B4D007E1032 /* CombinedChartViewController.m in Sources */ = {isa = PBXBuildFile; fileRef = A391F90A1B3C7B4D007E1032 /* CombinedChartViewController.m */; };
		A3CBE2E61B3A593900C205F6 /* Session.m in Sources */ = {isa = PBXBuildFile; fileRef = A3CBE2E51B3A593900C205F6 /* Session.m */; };
		A3E289F61B35B7C6001A8763 /* main.m in Sources */ = {isa = PBXBuildFile; fileRef = A3E289F51B35B7C6001A8763 /* main.m */; };
		A3E289F91B35B7C6001A8763 /* AppDelegate.m in Sources */ = {isa = PBXBuildFile; fileRef = A3E289F81B35B7C6001A8763 /* AppDelegate.m */; };
		A3E289FC1B35B7C6001A8763 /* ViewController.m in Sources */ = {isa = PBXBuildFile; fileRef = A3E289FB1B35B7C6001A8763 /* ViewController.m */; };
		A3E289FF1B35B7C6001A8763 /* Main.storyboard in Resources */ = {isa = PBXBuildFile; fileRef = A3E289FD1B35B7C6001A8763 /* Main.storyboard */; };
		A3E28A011B35B7C6001A8763 /* Images.xcassets in Resources */ = {isa = PBXBuildFile; fileRef = A3E28A001B35B7C6001A8763 /* Images.xcassets */; };
		A3E28A041B35B7C6001A8763 /* LaunchScreen.xib in Resources */ = {isa = PBXBuildFile; fileRef = A3E28A021B35B7C6001A8763 /* LaunchScreen.xib */; };
		A3E28A101B35B7C6001A8763 /* testingusingioschartsTests.m in Sources */ = {isa = PBXBuildFile; fileRef = A3E28A0F1B35B7C6001A8763 /* testingusingioschartsTests.m */; };
		A3E28A301B35C33A001A8763 /* BalloonMarker.swift in Sources */ = {isa = PBXBuildFile; fileRef = A3E28A2F1B35C33A001A8763 /* BalloonMarker.swift */; };
		D4AB85E43A80C3A1DE270165 /* libPods.a in Frameworks */ = {isa = PBXBuildFile; fileRef = 579F4D8BCEF482E3FE5C3F8E /* libPods.a */; };
/* End PBXBuildFile section */

/* Begin PBXContainerItemProxy section */
		6D7B92081B4231D000600A18 /* PBXContainerItemProxy */ = {
			isa = PBXContainerItemProxy;
			containerPortal = A3CBE2F21B3A8B5700C205F6 /* Charts.xcodeproj */;
			proxyType = 1;
			remoteGlobalIDString = 5BA8EC3F1A9D14DC00CE82E1;
			remoteInfo = Charts;
		};
		A3CBE2F61B3A8B5700C205F6 /* PBXContainerItemProxy */ = {
			isa = PBXContainerItemProxy;
			containerPortal = A3CBE2F21B3A8B5700C205F6 /* Charts.xcodeproj */;
			proxyType = 2;
			remoteGlobalIDString = 5BA8EC401A9D14DC00CE82E1;
			remoteInfo = Charts;
		};
		A3E28A0A1B35B7C6001A8763 /* PBXContainerItemProxy */ = {
			isa = PBXContainerItemProxy;
			containerPortal = A3E289E81B35B7C6001A8763 /* Project object */;
			proxyType = 1;
			remoteGlobalIDString = A3E289EF1B35B7C6001A8763;
			remoteInfo = testingusingioscharts;
		};
/* End PBXContainerItemProxy section */

/* Begin PBXCopyFilesBuildPhase section */
		6D7B920A1B4231D000600A18 /* Embed Frameworks */ = {
			isa = PBXCopyFilesBuildPhase;
			buildActionMask = 2147483647;
			dstPath = "";
			dstSubfolderSpec = 10;
			files = (
				6D7B92071B4231D000600A18 /* Charts.framework in Embed Frameworks */,
			);
			name = "Embed Frameworks";
			runOnlyForDeploymentPostprocessing = 0;
		};
/* End PBXCopyFilesBuildPhase section */

/* Begin PBXFileReference section */
		22233431272C75CCF73C6313 /* Pods.release.xcconfig */ = {isa = PBXFileReference; includeInIndex = 1; lastKnownFileType = text.xcconfig; name = Pods.release.xcconfig; path = "Pods/Target Support Files/Pods/Pods.release.xcconfig"; sourceTree = "<group>"; };
		579F4D8BCEF482E3FE5C3F8E /* libPods.a */ = {isa = PBXFileReference; explicitFileType = archive.ar; includeInIndex = 0; path = libPods.a; sourceTree = BUILT_PRODUCTS_DIR; };
		6DB6848B8AE2052A5F91F6F0 /* Pods.debug.xcconfig */ = {isa = PBXFileReference; includeInIndex = 1; lastKnownFileType = text.xcconfig; name = Pods.debug.xcconfig; path = "Pods/Target Support Files/Pods/Pods.debug.xcconfig"; sourceTree = "<group>"; };
		A37C5B1B1B3EDFEE000F46FF /* Motion.h */ = {isa = PBXFileReference; lastKnownFileType = sourcecode.c.h; path = Motion.h; sourceTree = "<group>"; };
		A37C5B1D1B3EDFFF000F46FF /* Motion.m */ = {isa = PBXFileReference; fileEncoding = 4; lastKnownFileType = sourcecode.c.objc; path = Motion.m; sourceTree = "<group>"; };
		A37C5B1F1B3EE050000F46FF /* Pressure.m */ = {isa = PBXFileReference; fileEncoding = 4; lastKnownFileType = sourcecode.c.objc; path = Pressure.m; sourceTree = "<group>"; };
		A37C5B211B3EE05A000F46FF /* Pressure.h */ = {isa = PBXFileReference; lastKnownFileType = sourcecode.c.h; path = Pressure.h; sourceTree = "<group>"; };
		A391F90A1B3C7B4D007E1032 /* CombinedChartViewController.m */ = {isa = PBXFileReference; fileEncoding = 4; lastKnownFileType = sourcecode.c.objc; path = CombinedChartViewController.m; sourceTree = "<group>"; };
		A391F90D1B3C7B56007E1032 /* CombinedChartViewController.h */ = {isa = PBXFileReference; lastKnownFileType = sourcecode.c.h; path = CombinedChartViewController.h; sourceTree = "<group>"; };
		A3CBE2E41B3A592400C205F6 /* Session.h */ = {isa = PBXFileReference; lastKnownFileType = sourcecode.c.h; path = Session.h; sourceTree = "<group>"; };
		A3CBE2E51B3A593900C205F6 /* Session.m */ = {isa = PBXFileReference; fileEncoding = 4; lastKnownFileType = sourcecode.c.objc; path = Session.m; sourceTree = "<group>"; };
		A3CBE2F21B3A8B5700C205F6 /* Charts.xcodeproj */ = {isa = PBXFileReference; lastKnownFileType = "wrapper.pb-project"; name = Charts.xcodeproj; path = Charts/Charts.xcodeproj; sourceTree = "<group>"; };
		A3E289F01B35B7C6001A8763 /* testingusingioscharts.app */ = {isa = PBXFileReference; explicitFileType = wrapper.application; includeInIndex = 0; path = testingusingioscharts.app; sourceTree = BUILT_PRODUCTS_DIR; };
		A3E289F41B35B7C6001A8763 /* Info.plist */ = {isa = PBXFileReference; lastKnownFileType = text.plist.xml; path = Info.plist; sourceTree = "<group>"; };
		A3E289F51B35B7C6001A8763 /* main.m */ = {isa = PBXFileReference; lastKnownFileType = sourcecode.c.objc; path = main.m; sourceTree = "<group>"; };
		A3E289F71B35B7C6001A8763 /* AppDelegate.h */ = {isa = PBXFileReference; lastKnownFileType = sourcecode.c.h; path = AppDelegate.h; sourceTree = "<group>"; };
		A3E289F81B35B7C6001A8763 /* AppDelegate.m */ = {isa = PBXFileReference; lastKnownFileType = sourcecode.c.objc; path = AppDelegate.m; sourceTree = "<group>"; };
		A3E289FA1B35B7C6001A8763 /* ViewController.h */ = {isa = PBXFileReference; lastKnownFileType = sourcecode.c.h; path = ViewController.h; sourceTree = "<group>"; };
		A3E289FB1B35B7C6001A8763 /* ViewController.m */ = {isa = PBXFileReference; lastKnownFileType = sourcecode.c.objc; path = ViewController.m; sourceTree = "<group>"; };
		A3E289FE1B35B7C6001A8763 /* Base */ = {isa = PBXFileReference; lastKnownFileType = file.storyboard; name = Base; path = Base.lproj/Main.storyboard; sourceTree = "<group>"; };
		A3E28A001B35B7C6001A8763 /* Images.xcassets */ = {isa = PBXFileReference; lastKnownFileType = folder.assetcatalog; path = Images.xcassets; sourceTree = "<group>"; };
		A3E28A031B35B7C6001A8763 /* Base */ = {isa = PBXFileReference; lastKnownFileType = file.xib; name = Base; path = Base.lproj/LaunchScreen.xib; sourceTree = "<group>"; };
		A3E28A091B35B7C6001A8763 /* testingusingioschartsTests.xctest */ = {isa = PBXFileReference; explicitFileType = wrapper.cfbundle; includeInIndex = 0; path = testingusingioschartsTests.xctest; sourceTree = BUILT_PRODUCTS_DIR; };
		A3E28A0E1B35B7C6001A8763 /* Info.plist */ = {isa = PBXFileReference; lastKnownFileType = text.plist.xml; path = Info.plist; sourceTree = "<group>"; };
		A3E28A0F1B35B7C6001A8763 /* testingusingioschartsTests.m */ = {isa = PBXFileReference; lastKnownFileType = sourcecode.c.objc; path = testingusingioschartsTests.m; sourceTree = "<group>"; };
		A3E28A2E1B35C339001A8763 /* testingusingioscharts-Bridging-Header.h */ = {isa = PBXFileReference; lastKnownFileType = sourcecode.c.h; path = "testingusingioscharts-Bridging-Header.h"; sourceTree = "<group>"; };
		A3E28A2F1B35C33A001A8763 /* BalloonMarker.swift */ = {isa = PBXFileReference; fileEncoding = 4; lastKnownFileType = sourcecode.swift; path = BalloonMarker.swift; sourceTree = "<group>"; };
/* End PBXFileReference section */

/* Begin PBXFrameworksBuildPhase section */
		A3E289ED1B35B7C6001A8763 /* Frameworks */ = {
			isa = PBXFrameworksBuildPhase;
			buildActionMask = 2147483647;
			files = (
				D4AB85E43A80C3A1DE270165 /* libPods.a in Frameworks */,
				6D7B92061B4231D000600A18 /* Charts.framework in Frameworks */,
			);
			runOnlyForDeploymentPostprocessing = 0;
		};
		A3E28A061B35B7C6001A8763 /* Frameworks */ = {
			isa = PBXFrameworksBuildPhase;
			buildActionMask = 2147483647;
			files = (
			);
			runOnlyForDeploymentPostprocessing = 0;
		};
/* End PBXFrameworksBuildPhase section */

/* Begin PBXGroup section */
		219C7268E1EE09012496E950 /* Frameworks */ = {
			isa = PBXGroup;
			children = (
				579F4D8BCEF482E3FE5C3F8E /* libPods.a */,
			);
			name = Frameworks;
			sourceTree = "<group>";
		};
		A3CBE2E71B3A596800C205F6 /* Model */ = {
			isa = PBXGroup;
			children = (
				A3CBE2E41B3A592400C205F6 /* Session.h */,
				A3CBE2E51B3A593900C205F6 /* Session.m */,
				A37C5B1B1B3EDFEE000F46FF /* Motion.h */,
				A37C5B1D1B3EDFFF000F46FF /* Motion.m */,
				A37C5B1F1B3EE050000F46FF /* Pressure.m */,
				A37C5B211B3EE05A000F46FF /* Pressure.h */,
			);
			name = Model;
			sourceTree = "<group>";
		};
		A3CBE2F31B3A8B5700C205F6 /* Products */ = {
			isa = PBXGroup;
			children = (
				A3CBE2F71B3A8B5700C205F6 /* Charts.framework */,
			);
			name = Products;
			sourceTree = "<group>";
		};
		A3E289E71B35B7C6001A8763 = {
			isa = PBXGroup;
			children = (
				A3E289F21B35B7C6001A8763 /* testingusingioscharts */,
				A3E28A0C1B35B7C6001A8763 /* testingusingioschartsTests */,
				A3E289F11B35B7C6001A8763 /* Products */,
				C41C09B72C132E18810C5ABA /* Pods */,
				219C7268E1EE09012496E950 /* Frameworks */,
			);
			sourceTree = "<group>";
		};
		A3E289F11B35B7C6001A8763 /* Products */ = {
			isa = PBXGroup;
			children = (
				A3E289F01B35B7C6001A8763 /* testingusingioscharts.app */,
				A3E28A091B35B7C6001A8763 /* testingusingioschartsTests.xctest */,
			);
			name = Products;
			sourceTree = "<group>";
		};
		A3E289F21B35B7C6001A8763 /* testingusingioscharts */ = {
			isa = PBXGroup;
			children = (
				A3CBE2F21B3A8B5700C205F6 /* Charts.xcodeproj */,
				A3CBE2E71B3A596800C205F6 /* Model */,
				A3E28A2F1B35C33A001A8763 /* BalloonMarker.swift */,
				A3E289F71B35B7C6001A8763 /* AppDelegate.h */,
				A3E289F81B35B7C6001A8763 /* AppDelegate.m */,
				A3E289FA1B35B7C6001A8763 /* ViewController.h */,
				A3E289FB1B35B7C6001A8763 /* ViewController.m */,
				A3E289FD1B35B7C6001A8763 /* Main.storyboard */,
				A3E28A001B35B7C6001A8763 /* Images.xcassets */,
				A3E28A021B35B7C6001A8763 /* LaunchScreen.xib */,
				A3E289F31B35B7C6001A8763 /* Supporting Files */,
				A3E28A2E1B35C339001A8763 /* testingusingioscharts-Bridging-Header.h */,
				A391F90A1B3C7B4D007E1032 /* CombinedChartViewController.m */,
				A391F90D1B3C7B56007E1032 /* CombinedChartViewController.h */,
			);
			path = testingusingioscharts;
			sourceTree = "<group>";
		};
		A3E289F31B35B7C6001A8763 /* Supporting Files */ = {
			isa = PBXGroup;
			children = (
				A3E289F41B35B7C6001A8763 /* Info.plist */,
				A3E289F51B35B7C6001A8763 /* main.m */,
			);
			name = "Supporting Files";
			sourceTree = "<group>";
		};
		A3E28A0C1B35B7C6001A8763 /* testingusingioschartsTests */ = {
			isa = PBXGroup;
			children = (
				A3E28A0F1B35B7C6001A8763 /* testingusingioschartsTests.m */,
				A3E28A0D1B35B7C6001A8763 /* Supporting Files */,
			);
			path = testingusingioschartsTests;
			sourceTree = "<group>";
		};
		A3E28A0D1B35B7C6001A8763 /* Supporting Files */ = {
			isa = PBXGroup;
			children = (
				A3E28A0E1B35B7C6001A8763 /* Info.plist */,
			);
			name = "Supporting Files";
			sourceTree = "<group>";
		};
		C41C09B72C132E18810C5ABA /* Pods */ = {
			isa = PBXGroup;
			children = (
				6DB6848B8AE2052A5F91F6F0 /* Pods.debug.xcconfig */,
				22233431272C75CCF73C6313 /* Pods.release.xcconfig */,
			);
			name = Pods;
			sourceTree = "<group>";
		};
/* End PBXGroup section */

/* Begin PBXNativeTarget section */
		A3E289EF1B35B7C6001A8763 /* testingusingioscharts */ = {
			isa = PBXNativeTarget;
			buildConfigurationList = A3E28A131B35B7C6001A8763 /* Build configuration list for PBXNativeTarget "testingusingioscharts" */;
			buildPhases = (
				F752F7E46BA4F176BA20FA7C /* Check Pods Manifest.lock */,
				A3E289EC1B35B7C6001A8763 /* Sources */,
				A3E289ED1B35B7C6001A8763 /* Frameworks */,
				A3E289EE1B35B7C6001A8763 /* Resources */,
				15B8962C14006B5456D196D0 /* Copy Pods Resources */,
				6D7B920A1B4231D000600A18 /* Embed Frameworks */,
			);
			buildRules = (
			);
			dependencies = (
				6D7B92091B4231D000600A18 /* PBXTargetDependency */,
			);
			name = testingusingioscharts;
			productName = testingusingioscharts;
			productReference = A3E289F01B35B7C6001A8763 /* testingusingioscharts.app */;
			productType = "com.apple.product-type.application";
		};
		A3E28A081B35B7C6001A8763 /* testingusingioschartsTests */ = {
			isa = PBXNativeTarget;
			buildConfigurationList = A3E28A161B35B7C6001A8763 /* Build configuration list for PBXNativeTarget "testingusingioschartsTests" */;
			buildPhases = (
				A3E28A051B35B7C6001A8763 /* Sources */,
				A3E28A061B35B7C6001A8763 /* Frameworks */,
				A3E28A071B35B7C6001A8763 /* Resources */,
			);
			buildRules = (
			);
			dependencies = (
				A3E28A0B1B35B7C6001A8763 /* PBXTargetDependency */,
			);
			name = testingusingioschartsTests;
			productName = testingusingioschartsTests;
			productReference = A3E28A091B35B7C6001A8763 /* testingusingioschartsTests.xctest */;
			productType = "com.apple.product-type.bundle.unit-test";
		};
/* End PBXNativeTarget section */

/* Begin PBXProject section */
		A3E289E81B35B7C6001A8763 /* Project object */ = {
			isa = PBXProject;
			attributes = {
				LastUpgradeCheck = 0630;
				ORGANIZATIONNAME = test;
				TargetAttributes = {
					A3E289EF1B35B7C6001A8763 = {
						CreatedOnToolsVersion = 6.3.2;
					};
					A3E28A081B35B7C6001A8763 = {
						CreatedOnToolsVersion = 6.3.2;
						TestTargetID = A3E289EF1B35B7C6001A8763;
					};
				};
			};
			buildConfigurationList = A3E289EB1B35B7C6001A8763 /* Build configuration list for PBXProject "testingusingioscharts" */;
			compatibilityVersion = "Xcode 3.2";
			developmentRegion = English;
			hasScannedForEncodings = 0;
			knownRegions = (
				en,
				Base,
			);
			mainGroup = A3E289E71B35B7C6001A8763;
			productRefGroup = A3E289F11B35B7C6001A8763 /* Products */;
			projectDirPath = "";
			projectReferences = (
				{
					ProductGroup = A3CBE2F31B3A8B5700C205F6 /* Products */;
					ProjectRef = A3CBE2F21B3A8B5700C205F6 /* Charts.xcodeproj */;
				},
			);
			projectRoot = "";
			targets = (
				A3E289EF1B35B7C6001A8763 /* testingusingioscharts */,
				A3E28A081B35B7C6001A8763 /* testingusingioschartsTests */,
			);
		};
/* End PBXProject section */

/* Begin PBXReferenceProxy section */
		A3CBE2F71B3A8B5700C205F6 /* Charts.framework */ = {
			isa = PBXReferenceProxy;
			fileType = wrapper.framework;
			path = Charts.framework;
			remoteRef = A3CBE2F61B3A8B5700C205F6 /* PBXContainerItemProxy */;
			sourceTree = BUILT_PRODUCTS_DIR;
		};
/* End PBXReferenceProxy section */

/* Begin PBXResourcesBuildPhase section */
		A3E289EE1B35B7C6001A8763 /* Resources */ = {
			isa = PBXResourcesBuildPhase;
			buildActionMask = 2147483647;
			files = (
				A3E289FF1B35B7C6001A8763 /* Main.storyboard in Resources */,
				A3E28A041B35B7C6001A8763 /* LaunchScreen.xib in Resources */,
				A3E28A011B35B7C6001A8763 /* Images.xcassets in Resources */,
			);
			runOnlyForDeploymentPostprocessing = 0;
		};
		A3E28A071B35B7C6001A8763 /* Resources */ = {
			isa = PBXResourcesBuildPhase;
			buildActionMask = 2147483647;
			files = (
			);
			runOnlyForDeploymentPostprocessing = 0;
		};
/* End PBXResourcesBuildPhase section */

/* Begin PBXShellScriptBuildPhase section */
		15B8962C14006B5456D196D0 /* Copy Pods Resources */ = {
			isa = PBXShellScriptBuildPhase;
			buildActionMask = 2147483647;
			files = (
			);
			inputPaths = (
			);
			name = "Copy Pods Resources";
			outputPaths = (
			);
			runOnlyForDeploymentPostprocessing = 0;
			shellPath = /bin/sh;
			shellScript = "\"${SRCROOT}/Pods/Target Support Files/Pods/Pods-resources.sh\"\n";
			showEnvVarsInLog = 0;
		};
		F752F7E46BA4F176BA20FA7C /* Check Pods Manifest.lock */ = {
			isa = PBXShellScriptBuildPhase;
			buildActionMask = 2147483647;
			files = (
			);
			inputPaths = (
			);
			name = "Check Pods Manifest.lock";
			outputPaths = (
			);
			runOnlyForDeploymentPostprocessing = 0;
			shellPath = /bin/sh;
			shellScript = "diff \"${PODS_ROOT}/../Podfile.lock\" \"${PODS_ROOT}/Manifest.lock\" > /dev/null\nif [[ $? != 0 ]] ; then\n    cat << EOM\nerror: The sandbox is not in sync with the Podfile.lock. Run 'pod install' or update your CocoaPods installation.\nEOM\n    exit 1\nfi\n";
			showEnvVarsInLog = 0;
		};
/* End PBXShellScriptBuildPhase section */

/* Begin PBXSourcesBuildPhase section */
		A3E289EC1B35B7C6001A8763 /* Sources */ = {
			isa = PBXSourcesBuildPhase;
			buildActionMask = 2147483647;
			files = (
				A391F90B1B3C7B4D007E1032 /* CombinedChartViewController.m in Sources */,
				A3E289FC1B35B7C6001A8763 /* ViewController.m in Sources */,
				A3CBE2E61B3A593900C205F6 /* Session.m in Sources */,
				A3E289F91B35B7C6001A8763 /* AppDelegate.m in Sources */,
				A3E289F61B35B7C6001A8763 /* main.m in Sources */,
				A3E28A301B35C33A001A8763 /* BalloonMarker.swift in Sources */,
				A37C5B201B3EE050000F46FF /* Pressure.m in Sources */,
				A37C5B1E1B3EDFFF000F46FF /* Motion.m in Sources */,
			);
			runOnlyForDeploymentPostprocessing = 0;
		};
		A3E28A051B35B7C6001A8763 /* Sources */ = {
			isa = PBXSourcesBuildPhase;
			buildActionMask = 2147483647;
			files = (
				A3E28A101B35B7C6001A8763 /* testingusingioschartsTests.m in Sources */,
			);
			runOnlyForDeploymentPostprocessing = 0;
		};
/* End PBXSourcesBuildPhase section */

/* Begin PBXTargetDependency section */
		6D7B92091B4231D000600A18 /* PBXTargetDependency */ = {
			isa = PBXTargetDependency;
			name = Charts;
			targetProxy = 6D7B92081B4231D000600A18 /* PBXContainerItemProxy */;
		};
		A3E28A0B1B35B7C6001A8763 /* PBXTargetDependency */ = {
			isa = PBXTargetDependency;
			target = A3E289EF1B35B7C6001A8763 /* testingusingioscharts */;
			targetProxy = A3E28A0A1B35B7C6001A8763 /* PBXContainerItemProxy */;
		};
/* End PBXTargetDependency section */

/* Begin PBXVariantGroup section */
		A3E289FD1B35B7C6001A8763 /* Main.storyboard */ = {
			isa = PBXVariantGroup;
			children = (
				A3E289FE1B35B7C6001A8763 /* Base */,
			);
			name = Main.storyboard;
			sourceTree = "<group>";
		};
		A3E28A021B35B7C6001A8763 /* LaunchScreen.xib */ = {
			isa = PBXVariantGroup;
			children = (
				A3E28A031B35B7C6001A8763 /* Base */,
			);
			name = LaunchScreen.xib;
			sourceTree = "<group>";
		};
/* End PBXVariantGroup section */

/* Begin XCBuildConfiguration section */
		A3E28A111B35B7C6001A8763 /* Debug */ = {
			isa = XCBuildConfiguration;
			buildSettings = {
				ALWAYS_SEARCH_USER_PATHS = NO;
				CLANG_CXX_LANGUAGE_STANDARD = "gnu++0x";
				CLANG_CXX_LIBRARY = "libc++";
				CLANG_ENABLE_MODULES = YES;
				CLANG_ENABLE_OBJC_ARC = YES;
				CLANG_WARN_BOOL_CONVERSION = YES;
				CLANG_WARN_CONSTANT_CONVERSION = YES;
				CLANG_WARN_DIRECT_OBJC_ISA_USAGE = YES_ERROR;
				CLANG_WARN_EMPTY_BODY = YES;
				CLANG_WARN_ENUM_CONVERSION = YES;
				CLANG_WARN_INT_CONVERSION = YES;
				CLANG_WARN_OBJC_ROOT_CLASS = YES_ERROR;
				CLANG_WARN_UNREACHABLE_CODE = YES;
				CLANG_WARN__DUPLICATE_METHOD_MATCH = YES;
				"CODE_SIGN_IDENTITY[sdk=iphoneos*]" = "iPhone Developer";
				COPY_PHASE_STRIP = NO;
				DEBUG_INFORMATION_FORMAT = "dwarf-with-dsym";
				ENABLE_STRICT_OBJC_MSGSEND = YES;
				GCC_C_LANGUAGE_STANDARD = gnu99;
				GCC_DYNAMIC_NO_PIC = NO;
				GCC_NO_COMMON_BLOCKS = YES;
				GCC_OPTIMIZATION_LEVEL = 0;
				GCC_PREPROCESSOR_DEFINITIONS = (
					"DEBUG=1",
					"$(inherited)",
				);
				GCC_SYMBOLS_PRIVATE_EXTERN = NO;
				GCC_WARN_64_TO_32_BIT_CONVERSION = YES;
				GCC_WARN_ABOUT_RETURN_TYPE = YES_ERROR;
				GCC_WARN_UNDECLARED_SELECTOR = YES;
				GCC_WARN_UNINITIALIZED_AUTOS = YES_AGGRESSIVE;
				GCC_WARN_UNUSED_FUNCTION = YES;
				GCC_WARN_UNUSED_VARIABLE = YES;
				IPHONEOS_DEPLOYMENT_TARGET = 8.3;
				MTL_ENABLE_DEBUG_INFO = YES;
				ONLY_ACTIVE_ARCH = YES;
				SDKROOT = iphoneos;
				TARGETED_DEVICE_FAMILY = "1,2";
			};
			name = Debug;
		};
		A3E28A121B35B7C6001A8763 /* Release */ = {
			isa = XCBuildConfiguration;
			buildSettings = {
				ALWAYS_SEARCH_USER_PATHS = NO;
				CLANG_CXX_LANGUAGE_STANDARD = "gnu++0x";
				CLANG_CXX_LIBRARY = "libc++";
				CLANG_ENABLE_MODULES = YES;
				CLANG_ENABLE_OBJC_ARC = YES;
				CLANG_WARN_BOOL_CONVERSION = YES;
				CLANG_WARN_CONSTANT_CONVERSION = YES;
				CLANG_WARN_DIRECT_OBJC_ISA_USAGE = YES_ERROR;
				CLANG_WARN_EMPTY_BODY = YES;
				CLANG_WARN_ENUM_CONVERSION = YES;
				CLANG_WARN_INT_CONVERSION = YES;
				CLANG_WARN_OBJC_ROOT_CLASS = YES_ERROR;
				CLANG_WARN_UNREACHABLE_CODE = YES;
				CLANG_WARN__DUPLICATE_METHOD_MATCH = YES;
				"CODE_SIGN_IDENTITY[sdk=iphoneos*]" = "iPhone Developer";
				COPY_PHASE_STRIP = NO;
				DEBUG_INFORMATION_FORMAT = "dwarf-with-dsym";
				ENABLE_NS_ASSERTIONS = NO;
				ENABLE_STRICT_OBJC_MSGSEND = YES;
				GCC_C_LANGUAGE_STANDARD = gnu99;
				GCC_NO_COMMON_BLOCKS = YES;
				GCC_WARN_64_TO_32_BIT_CONVERSION = YES;
				GCC_WARN_ABOUT_RETURN_TYPE = YES_ERROR;
				GCC_WARN_UNDECLARED_SELECTOR = YES;
				GCC_WARN_UNINITIALIZED_AUTOS = YES_AGGRESSIVE;
				GCC_WARN_UNUSED_FUNCTION = YES;
				GCC_WARN_UNUSED_VARIABLE = YES;
				IPHONEOS_DEPLOYMENT_TARGET = 8.3;
				MTL_ENABLE_DEBUG_INFO = NO;
				SDKROOT = iphoneos;
				TARGETED_DEVICE_FAMILY = "1,2";
				VALIDATE_PRODUCT = YES;
			};
			name = Release;
		};
		A3E28A141B35B7C6001A8763 /* Debug */ = {
			isa = XCBuildConfiguration;
			baseConfigurationReference = 6DB6848B8AE2052A5F91F6F0 /* Pods.debug.xcconfig */;
			buildSettings = {
				ASSETCATALOG_COMPILER_APPICON_NAME = AppIcon;
				CLANG_ENABLE_MODULES = YES;
				INFOPLIST_FILE = testingusingioscharts/Info.plist;
				LD_RUNPATH_SEARCH_PATHS = "$(inherited) @executable_path/Frameworks";
				PRODUCT_NAME = "$(TARGET_NAME)";
				SWIFT_OBJC_BRIDGING_HEADER = "testingusingioscharts/testingusingioscharts-Bridging-Header.h";
				SWIFT_OPTIMIZATION_LEVEL = "-Onone";
			};
			name = Debug;
		};
		A3E28A151B35B7C6001A8763 /* Release */ = {
			isa = XCBuildConfiguration;
			baseConfigurationReference = 22233431272C75CCF73C6313 /* Pods.release.xcconfig */;
			buildSettings = {
				ASSETCATALOG_COMPILER_APPICON_NAME = AppIcon;
				CLANG_ENABLE_MODULES = YES;
				INFOPLIST_FILE = testingusingioscharts/Info.plist;
				LD_RUNPATH_SEARCH_PATHS = "$(inherited) @executable_path/Frameworks";
				PRODUCT_NAME = "$(TARGET_NAME)";
				SWIFT_OBJC_BRIDGING_HEADER = "testingusingioscharts/testingusingioscharts-Bridging-Header.h";
			};
			name = Release;
		};
		A3E28A171B35B7C6001A8763 /* Debug */ = {
			isa = XCBuildConfiguration;
			buildSettings = {
				BUNDLE_LOADER = "$(TEST_HOST)";
				FRAMEWORK_SEARCH_PATHS = (
					"$(SDKROOT)/Developer/Library/Frameworks",
					"$(inherited)",
				);
				GCC_PREPROCESSOR_DEFINITIONS = (
					"DEBUG=1",
					"$(inherited)",
				);
				INFOPLIST_FILE = testingusingioschartsTests/Info.plist;
				LD_RUNPATH_SEARCH_PATHS = "$(inherited) @executable_path/Frameworks @loader_path/Frameworks";
				PRODUCT_NAME = "$(TARGET_NAME)";
				TEST_HOST = "$(BUILT_PRODUCTS_DIR)/testingusingioscharts.app/testingusingioscharts";
			};
			name = Debug;
		};
		A3E28A181B35B7C6001A8763 /* Release */ = {
			isa = XCBuildConfiguration;
			buildSettings = {
				BUNDLE_LOADER = "$(TEST_HOST)";
				FRAMEWORK_SEARCH_PATHS = (
					"$(SDKROOT)/Developer/Library/Frameworks",
					"$(inherited)",
				);
				INFOPLIST_FILE = testingusingioschartsTests/Info.plist;
				LD_RUNPATH_SEARCH_PATHS = "$(inherited) @executable_path/Frameworks @loader_path/Frameworks";
				PRODUCT_NAME = "$(TARGET_NAME)";
				TEST_HOST = "$(BUILT_PRODUCTS_DIR)/testingusingioscharts.app/testingusingioscharts";
			};
			name = Release;
		};
/* End XCBuildConfiguration section */

/* Begin XCConfigurationList section */
		A3E289EB1B35B7C6001A8763 /* Build configuration list for PBXProject "testingusingioscharts" */ = {
			isa = XCConfigurationList;
			buildConfigurations = (
				A3E28A111B35B7C6001A8763 /* Debug */,
				A3E28A121B35B7C6001A8763 /* Release */,
			);
			defaultConfigurationIsVisible = 0;
			defaultConfigurationName = Release;
		};
		A3E28A131B35B7C6001A8763 /* Build configuration list for PBXNativeTarget "testingusingioscharts" */ = {
			isa = XCConfigurationList;
			buildConfigurations = (
				A3E28A141B35B7C6001A8763 /* Debug */,
				A3E28A151B35B7C6001A8763 /* Release */,
			);
			defaultConfigurationIsVisible = 0;
			defaultConfigurationName = Release;
		};
		A3E28A161B35B7C6001A8763 /* Build configuration list for PBXNativeTarget "testingusingioschartsTests" */ = {
			isa = XCConfigurationList;
			buildConfigurations = (
				A3E28A171B35B7C6001A8763 /* Debug */,
				A3E28A181B35B7C6001A8763 /* Release */,
			);
			defaultConfigurationIsVisible = 0;
			defaultConfigurationName = Release;
		};
/* End XCConfigurationList section */
	};
	rootObject = A3E289E81B35B7C6001A8763 /* Project object */;
}
